// !$*UTF8*$!
{
	archiveVersion = 1;
	classes = {
	};
	objectVersion = 50;
	objects = {

/* Begin PBXBuildFile section */
		910906DE256BB8AB000438D2 /* AppDelegate.swift in Sources */ = {isa = PBXBuildFile; fileRef = 910906DD256BB8AB000438D2 /* AppDelegate.swift */; };
		910906E0256BB8AB000438D2 /* SceneDelegate.swift in Sources */ = {isa = PBXBuildFile; fileRef = 910906DF256BB8AB000438D2 /* SceneDelegate.swift */; };
		910906E2256BB8AB000438D2 /* ViewController.swift in Sources */ = {isa = PBXBuildFile; fileRef = 910906E1256BB8AB000438D2 /* ViewController.swift */; };
		910906E5256BB8AB000438D2 /* Main.storyboard in Resources */ = {isa = PBXBuildFile; fileRef = 910906E3256BB8AB000438D2 /* Main.storyboard */; };
		910906E7256BB8AC000438D2 /* Assets.xcassets in Resources */ = {isa = PBXBuildFile; fileRef = 910906E6256BB8AC000438D2 /* Assets.xcassets */; };
		910906EA256BB8AC000438D2 /* LaunchScreen.storyboard in Resources */ = {isa = PBXBuildFile; fileRef = 910906E8256BB8AC000438D2 /* LaunchScreen.storyboard */; };
		910906F4256BB8DB000438D2 /* LoadingHUD.swift in Sources */ = {isa = PBXBuildFile; fileRef = 910906F3256BB8DB000438D2 /* LoadingHUD.swift */; };
/* End PBXBuildFile section */

/* Begin PBXFileReference section */
		910906DA256BB8AB000438D2 /* LoadingHUD.app */ = {isa = PBXFileReference; explicitFileType = wrapper.application; includeInIndex = 0; path = LoadingHUD.app; sourceTree = BUILT_PRODUCTS_DIR; };
		910906DD256BB8AB000438D2 /* AppDelegate.swift */ = {isa = PBXFileReference; lastKnownFileType = sourcecode.swift; path = AppDelegate.swift; sourceTree = "<group>"; };
		910906DF256BB8AB000438D2 /* SceneDelegate.swift */ = {isa = PBXFileReference; lastKnownFileType = sourcecode.swift; path = SceneDelegate.swift; sourceTree = "<group>"; };
		910906E1256BB8AB000438D2 /* ViewController.swift */ = {isa = PBXFileReference; lastKnownFileType = sourcecode.swift; path = ViewController.swift; sourceTree = "<group>"; };
		910906E4256BB8AB000438D2 /* Base */ = {isa = PBXFileReference; lastKnownFileType = file.storyboard; name = Base; path = Base.lproj/Main.storyboard; sourceTree = "<group>"; };
		910906E6256BB8AC000438D2 /* Assets.xcassets */ = {isa = PBXFileReference; lastKnownFileType = folder.assetcatalog; path = Assets.xcassets; sourceTree = "<group>"; };
		910906E9256BB8AC000438D2 /* Base */ = {isa = PBXFileReference; lastKnownFileType = file.storyboard; name = Base; path = Base.lproj/LaunchScreen.storyboard; sourceTree = "<group>"; };
		910906EB256BB8AC000438D2 /* Info.plist */ = {isa = PBXFileReference; lastKnownFileType = text.plist.xml; path = Info.plist; sourceTree = "<group>"; };
		910906F3256BB8DB000438D2 /* LoadingHUD.swift */ = {isa = PBXFileReference; lastKnownFileType = sourcecode.swift; path = LoadingHUD.swift; sourceTree = "<group>"; };
/* End PBXFileReference section */

/* Begin PBXFrameworksBuildPhase section */
		910906D7256BB8AB000438D2 /* Frameworks */ = {
			isa = PBXFrameworksBuildPhase;
			buildActionMask = 2147483647;
			files = (
			);
			runOnlyForDeploymentPostprocessing = 0;
		};
/* End PBXFrameworksBuildPhase section */

/* Begin PBXGroup section */
		910906D1256BB8AB000438D2 = {
			isa = PBXGroup;
			children = (
				910906DC256BB8AB000438D2 /* LoadingHUD */,
				910906DB256BB8AB000438D2 /* Products */,
			);
			sourceTree = "<group>";
		};
		910906DB256BB8AB000438D2 /* Products */ = {
			isa = PBXGroup;
			children = (
				910906DA256BB8AB000438D2 /* LoadingHUD.app */,
			);
			name = Products;
			sourceTree = "<group>";
		};
		910906DC256BB8AB000438D2 /* LoadingHUD */ = {
			isa = PBXGroup;
			children = (
				910906DD256BB8AB000438D2 /* AppDelegate.swift */,
				910906DF256BB8AB000438D2 /* SceneDelegate.swift */,
				910906E1256BB8AB000438D2 /* ViewController.swift */,
				910906F3256BB8DB000438D2 /* LoadingHUD.swift */,
				910906E3256BB8AB000438D2 /* Main.storyboard */,
				910906E6256BB8AC000438D2 /* Assets.xcassets */,
				910906E8256BB8AC000438D2 /* LaunchScreen.storyboard */,
				910906EB256BB8AC000438D2 /* Info.plist */,
			);
			path = LoadingHUD;
			sourceTree = "<group>";
		};
/* End PBXGroup section */

/* Begin PBXNativeTarget section */
		910906D9256BB8AB000438D2 /* LoadingHUD */ = {
			isa = PBXNativeTarget;
			buildConfigurationList = 910906EE256BB8AC000438D2 /* Build configuration list for PBXNativeTarget "LoadingHUD" */;
			buildPhases = (
				910906D6256BB8AB000438D2 /* Sources */,
				910906D7256BB8AB000438D2 /* Frameworks */,
				910906D8256BB8AB000438D2 /* Resources */,
			);
			buildRules = (
			);
			dependencies = (
			);
			name = LoadingHUD;
			productName = LoadingHUD;
			productReference = 910906DA256BB8AB000438D2 /* LoadingHUD.app */;
			productType = "com.apple.product-type.application";
		};
/* End PBXNativeTarget section */

/* Begin PBXProject section */
		910906D2256BB8AB000438D2 /* Project object */ = {
			isa = PBXProject;
			attributes = {
				LastSwiftUpdateCheck = 1220;
				LastUpgradeCheck = 1220;
				TargetAttributes = {
					910906D9256BB8AB000438D2 = {
						CreatedOnToolsVersion = 12.2;
					};
				};
			};
			buildConfigurationList = 910906D5256BB8AB000438D2 /* Build configuration list for PBXProject "LoadingHUD" */;
			compatibilityVersion = "Xcode 9.3";
			developmentRegion = en;
			hasScannedForEncodings = 0;
			knownRegions = (
				en,
				Base,
			);
			mainGroup = 910906D1256BB8AB000438D2;
			productRefGroup = 910906DB256BB8AB000438D2 /* Products */;
			projectDirPath = "";
			projectRoot = "";
			targets = (
				910906D9256BB8AB000438D2 /* LoadingHUD */,
			);
		};
/* End PBXProject section */

/* Begin PBXResourcesBuildPhase section */
		910906D8256BB8AB000438D2 /* Resources */ = {
			isa = PBXResourcesBuildPhase;
			buildActionMask = 2147483647;
			files = (
				910906EA256BB8AC000438D2 /* LaunchScreen.storyboard in Resources */,
				910906E7256BB8AC000438D2 /* Assets.xcassets in Resources */,
				910906E5256BB8AB000438D2 /* Main.storyboard in Resources */,
			);
			runOnlyForDeploymentPostprocessing = 0;
		};
/* End PBXResourcesBuildPhase section */

/* Begin PBXSourcesBuildPhase section */
		910906D6256BB8AB000438D2 /* Sources */ = {
			isa = PBXSourcesBuildPhase;
			buildActionMask = 2147483647;
			files = (
				910906E2256BB8AB000438D2 /* ViewController.swift in Sources */,
				910906DE256BB8AB000438D2 /* AppDelegate.swift in Sources */,
				910906F4256BB8DB000438D2 /* LoadingHUD.swift in Sources */,
				910906E0256BB8AB000438D2 /* SceneDelegate.swift in Sources */,
			);
			runOnlyForDeploymentPostprocessing = 0;
		};
/* End PBXSourcesBuildPhase section */

/* Begin PBXVariantGroup section */
		910906E3256BB8AB000438D2 /* Main.storyboard */ = {
			isa = PBXVariantGroup;
			children = (
				910906E4256BB8AB000438D2 /* Base */,
			);
			name = Main.storyboard;
			sourceTree = "<group>";
		};
		910906E8256BB8AC000438D2 /* LaunchScreen.storyboard */ = {
			isa = PBXVariantGroup;
			children = (
				910906E9256BB8AC000438D2 /* Base */,
			);
			name = LaunchScreen.storyboard;
			sourceTree = "<group>";
		};
/* End PBXVariantGroup section */

/* Begin XCBuildConfiguration section */
		910906EC256BB8AC000438D2 /* Debug */ = {
			isa = XCBuildConfiguration;
			buildSettings = {
				ALWAYS_SEARCH_USER_PATHS = NO;
				CLANG_ANALYZER_NONNULL = YES;
				CLANG_ANALYZER_NUMBER_OBJECT_CONVERSION = YES_AGGRESSIVE;
				CLANG_CXX_LANGUAGE_STANDARD = "gnu++14";
				CLANG_CXX_LIBRARY = "libc++";
				CLANG_ENABLE_MODULES = YES;
				CLANG_ENABLE_OBJC_ARC = YES;
				CLANG_ENABLE_OBJC_WEAK = YES;
				CLANG_WARN_BLOCK_CAPTURE_AUTORELEASING = YES;
				CLANG_WARN_BOOL_CONVERSION = YES;
				CLANG_WARN_COMMA = YES;
				CLANG_WARN_CONSTANT_CONVERSION = YES;
				CLANG_WARN_DEPRECATED_OBJC_IMPLEMENTATIONS = YES;
				CLANG_WARN_DIRECT_OBJC_ISA_USAGE = YES_ERROR;
				CLANG_WARN_DOCUMENTATION_COMMENTS = YES;
				CLANG_WARN_EMPTY_BODY = YES;
				CLANG_WARN_ENUM_CONVERSION = YES;
				CLANG_WARN_INFINITE_RECURSION = YES;
				CLANG_WARN_INT_CONVERSION = YES;
				CLANG_WARN_NON_LITERAL_NULL_CONVERSION = YES;
				CLANG_WARN_OBJC_IMPLICIT_RETAIN_SELF = YES;
				CLANG_WARN_OBJC_LITERAL_CONVERSION = YES;
				CLANG_WARN_OBJC_ROOT_CLASS = YES_ERROR;
				CLANG_WARN_QUOTED_INCLUDE_IN_FRAMEWORK_HEADER = YES;
				CLANG_WARN_RANGE_LOOP_ANALYSIS = YES;
				CLANG_WARN_STRICT_PROTOTYPES = YES;
				CLANG_WARN_SUSPICIOUS_MOVE = YES;
				CLANG_WARN_UNGUARDED_AVAILABILITY = YES_AGGRESSIVE;
				CLANG_WARN_UNREACHABLE_CODE = YES;
				CLANG_WARN__DUPLICATE_METHOD_MATCH = YES;
				COPY_PHASE_STRIP = NO;
				DEBUG_INFORMATION_FORMAT = dwarf;
				ENABLE_STRICT_OBJC_MSGSEND = YES;
				ENABLE_TESTABILITY = YES;
				GCC_C_LANGUAGE_STANDARD = gnu11;
				GCC_DYNAMIC_NO_PIC = NO;
				GCC_NO_COMMON_BLOCKS = YES;
				GCC_OPTIMIZATION_LEVEL = 0;
				GCC_PREPROCESSOR_DEFINITIONS = (
					"DEBUG=1",
					"$(inherited)",
				);
				GCC_WARN_64_TO_32_BIT_CONVERSION = YES;
				GCC_WARN_ABOUT_RETURN_TYPE = YES_ERROR;
				GCC_WARN_UNDECLARED_SELECTOR = YES;
				GCC_WARN_UNINITIALIZED_AUTOS = YES_AGGRESSIVE;
				GCC_WARN_UNUSED_FUNCTION = YES;
				GCC_WARN_UNUSED_VARIABLE = YES;
				IPHONEOS_DEPLOYMENT_TARGET = 14.2;
				MTL_ENABLE_DEBUG_INFO = INCLUDE_SOURCE;
				MTL_FAST_MATH = YES;
				ONLY_ACTIVE_ARCH = YES;
				SDKROOT = iphoneos;
				SWIFT_ACTIVE_COMPILATION_CONDITIONS = DEBUG;
				SWIFT_OPTIMIZATION_LEVEL = "-Onone";
			};
			name = Debug;
		};
		910906ED256BB8AC000438D2 /* Release */ = {
			isa = XCBuildConfiguration;
			buildSettings = {
				ALWAYS_SEARCH_USER_PATHS = NO;
				CLANG_ANALYZER_NONNULL = YES;
				CLANG_ANALYZER_NUMBER_OBJECT_CONVERSION = YES_AGGRESSIVE;
				CLANG_CXX_LANGUAGE_STANDARD = "gnu++14";
				CLANG_CXX_LIBRARY = "libc++";
				CLANG_ENABLE_MODULES = YES;
				CLANG_ENABLE_OBJC_ARC = YES;
				CLANG_ENABLE_OBJC_WEAK = YES;
				CLANG_WARN_BLOCK_CAPTURE_AUTORELEASING = YES;
				CLANG_WARN_BOOL_CONVERSION = YES;
				CLANG_WARN_COMMA = YES;
				CLANG_WARN_CONSTANT_CONVERSION = YES;
				CLANG_WARN_DEPRECATED_OBJC_IMPLEMENTATIONS = YES;
				CLANG_WARN_DIRECT_OBJC_ISA_USAGE = YES_ERROR;
				CLANG_WARN_DOCUMENTATION_COMMENTS = YES;
				CLANG_WARN_EMPTY_BODY = YES;
				CLANG_WARN_ENUM_CONVERSION = YES;
				CLANG_WARN_INFINITE_RECURSION = YES;
				CLANG_WARN_INT_CONVERSION = YES;
				CLANG_WARN_NON_LITERAL_NULL_CONVERSION = YES;
				CLANG_WARN_OBJC_IMPLICIT_RETAIN_SELF = YES;
				CLANG_WARN_OBJC_LITERAL_CONVERSION = YES;
				CLANG_WARN_OBJC_ROOT_CLASS = YES_ERROR;
				CLANG_WARN_QUOTED_INCLUDE_IN_FRAMEWORK_HEADER = YES;
				CLANG_WARN_RANGE_LOOP_ANALYSIS = YES;
				CLANG_WARN_STRICT_PROTOTYPES = YES;
				CLANG_WARN_SUSPICIOUS_MOVE = YES;
				CLANG_WARN_UNGUARDED_AVAILABILITY = YES_AGGRESSIVE;
				CLANG_WARN_UNREACHABLE_CODE = YES;
				CLANG_WARN__DUPLICATE_METHOD_MATCH = YES;
				COPY_PHASE_STRIP = NO;
				DEBUG_INFORMATION_FORMAT = "dwarf-with-dsym";
				ENABLE_NS_ASSERTIONS = NO;
				ENABLE_STRICT_OBJC_MSGSEND = YES;
				GCC_C_LANGUAGE_STANDARD = gnu11;
				GCC_NO_COMMON_BLOCKS = YES;
				GCC_WARN_64_TO_32_BIT_CONVERSION = YES;
				GCC_WARN_ABOUT_RETURN_TYPE = YES_ERROR;
				GCC_WARN_UNDECLARED_SELECTOR = YES;
				GCC_WARN_UNINITIALIZED_AUTOS = YES_AGGRESSIVE;
				GCC_WARN_UNUSED_FUNCTION = YES;
				GCC_WARN_UNUSED_VARIABLE = YES;
				IPHONEOS_DEPLOYMENT_TARGET = 14.2;
				MTL_ENABLE_DEBUG_INFO = NO;
				MTL_FAST_MATH = YES;
				SDKROOT = iphoneos;
				SWIFT_COMPILATION_MODE = wholemodule;
				SWIFT_OPTIMIZATION_LEVEL = "-O";
				VALIDATE_PRODUCT = YES;
			};
			name = Release;
		};
		910906EF256BB8AC000438D2 /* Debug */ = {
			isa = XCBuildConfiguration;
			buildSettings = {
				ASSETCATALOG_COMPILER_APPICON_NAME = AppIcon;
				ASSETCATALOG_COMPILER_GLOBAL_ACCENT_COLOR_NAME = AccentColor;
				CODE_SIGN_STYLE = Automatic;
				DEVELOPMENT_TEAM = BBZXT2966T;
				INFOPLIST_FILE = LoadingHUD/Info.plist;
				LD_RUNPATH_SEARCH_PATHS = (
					"$(inherited)",
					"@executable_path/Frameworks",
				);
				PRODUCT_BUNDLE_IDENTIFIER = com.swiftprimer.LoadingHUD;
				PRODUCT_NAME = "$(TARGET_NAME)";
				SWIFT_VERSION = 5.0;
				TARGETED_DEVICE_FAMILY = "1,2";
			};
			name = Debug;
		};
		910906F0256BB8AC000438D2 /* Release */ = {
			isa = XCBuildConfiguration;
			buildSettings = {
				ASSETCATALOG_COMPILER_APPICON_NAME = AppIcon;
				ASSETCATALOG_COMPILER_GLOBAL_ACCENT_COLOR_NAME = AccentColor;
				CODE_SIGN_STYLE = Automatic;
				DEVELOPMENT_TEAM = BBZXT2966T;
				INFOPLIST_FILE = LoadingHUD/Info.plist;
				LD_RUNPATH_SEARCH_PATHS = (
					"$(inherited)",
					"@executable_path/Frameworks",
				);
				PRODUCT_BUNDLE_IDENTIFIER = com.swiftprimer.LoadingHUD;
				PRODUCT_NAME = "$(TARGET_NAME)";
				SWIFT_VERSION = 5.0;
				TARGETED_DEVICE_FAMILY = "1,2";
			};
			name = Release;
		};
/* End XCBuildConfiguration section */

/* Begin XCConfigurationList section */
		910906D5256BB8AB000438D2 /* Build configuration list for PBXProject "LoadingHUD" */ = {
			isa = XCConfigurationList;
			buildConfigurations = (
				910906EC256BB8AC000438D2 /* Debug */,
				910906ED256BB8AC000438D2 /* Release */,
			);
			defaultConfigurationIsVisible = 0;
			defaultConfigurationName = Release;
		};
		910906EE256BB8AC000438D2 /* Build configuration list for PBXNativeTarget "LoadingHUD" */ = {
			isa = XCConfigurationList;
			buildConfigurations = (
				910906EF256BB8AC000438D2 /* Debug */,
				910906F0256BB8AC000438D2 /* Release */,
			);
			defaultConfigurationIsVisible = 0;
			defaultConfigurationName = Release;
		};
/* End XCConfigurationList section */
	};
	rootObject = 910906D2256BB8AB000438D2 /* Project object */;
}
